// !$*UTF8*$!
{
	archiveVersion = 1;
	classes = {
	};
	objectVersion = 50;
	objects = {

/* Begin PBXBuildFile section */
		240B1254267CB0F8001A177D /* AppDelegate.swift in Sources */ = {isa = PBXBuildFile; fileRef = 240B1253267CB0F8001A177D /* AppDelegate.swift */; };
		240B1256267CB0F8001A177D /* SceneDelegate.swift in Sources */ = {isa = PBXBuildFile; fileRef = 240B1255267CB0F8001A177D /* SceneDelegate.swift */; };
		240B1258267CB0F8001A177D /* InboxController.swift in Sources */ = {isa = PBXBuildFile; fileRef = 240B1257267CB0F8001A177D /* InboxController.swift */; };
		240B125B267CB0F8001A177D /* Main.storyboard in Resources */ = {isa = PBXBuildFile; fileRef = 240B1259267CB0F8001A177D /* Main.storyboard */; };
		240B125E267CB0F8001A177D /* LadoTsivtsivadze_36.xcdatamodeld in Sources */ = {isa = PBXBuildFile; fileRef = 240B125C267CB0F8001A177D /* LadoTsivtsivadze_36.xcdatamodeld */; };
		240B1260267CB0F9001A177D /* Assets.xcassets in Resources */ = {isa = PBXBuildFile; fileRef = 240B125F267CB0F9001A177D /* Assets.xcassets */; };
		240B1263267CB0F9001A177D /* LaunchScreen.storyboard in Resources */ = {isa = PBXBuildFile; fileRef = 240B1261267CB0F9001A177D /* LaunchScreen.storyboard */; };
		240B127C267CB7E9001A177D /* UserManager.swift in Sources */ = {isa = PBXBuildFile; fileRef = 240B127B267CB7E9001A177D /* UserManager.swift */; };
		240B127E267CB7F6001A177D /* MailManager.swift in Sources */ = {isa = PBXBuildFile; fileRef = 240B127D267CB7F6001A177D /* MailManager.swift */; };
		240B1282267CBD65001A177D /* LoginController.swift in Sources */ = {isa = PBXBuildFile; fileRef = 240B1281267CBD65001A177D /* LoginController.swift */; };
		240B1284267CBD88001A177D /* Login.storyboard in Resources */ = {isa = PBXBuildFile; fileRef = 240B1283267CBD88001A177D /* Login.storyboard */; };
		240B1286267CBD99001A177D /* Register.storyboard in Resources */ = {isa = PBXBuildFile; fileRef = 240B1285267CBD99001A177D /* Register.storyboard */; };
		240B1288267CBDB2001A177D /* RegisterController.swift in Sources */ = {isa = PBXBuildFile; fileRef = 240B1287267CBDB2001A177D /* RegisterController.swift */; };
		240B128D267CBE1A001A177D /* Outbox.storyboard in Resources */ = {isa = PBXBuildFile; fileRef = 240B128C267CBE1A001A177D /* Outbox.storyboard */; };
		240B128F267CBE32001A177D /* OutboxController.swift in Sources */ = {isa = PBXBuildFile; fileRef = 240B128E267CBE32001A177D /* OutboxController.swift */; };
		240B1292267CBF3C001A177D /* Controllers.swift in Sources */ = {isa = PBXBuildFile; fileRef = 240B1291267CBF3C001A177D /* Controllers.swift */; };
		240B1294267CBFA0001A177D /* NavigationHelpers.swift in Sources */ = {isa = PBXBuildFile; fileRef = 240B1293267CBFA0001A177D /* NavigationHelpers.swift */; };
		240B1296267CBFC8001A177D /* IDs.swift in Sources */ = {isa = PBXBuildFile; fileRef = 240B1295267CBFC8001A177D /* IDs.swift */; };
		240B1298267CC170001A177D /* InboxViewModel.swift in Sources */ = {isa = PBXBuildFile; fileRef = 240B1297267CC170001A177D /* InboxViewModel.swift */; };
		240B129A267D06CE001A177D /* LoginViewModel.swift in Sources */ = {isa = PBXBuildFile; fileRef = 240B1299267D06CE001A177D /* LoginViewModel.swift */; };
		240B129C267D0A0B001A177D /* RegisterViewModel.swift in Sources */ = {isa = PBXBuildFile; fileRef = 240B129B267D0A0B001A177D /* RegisterViewModel.swift */; };
		240B129E267D0B89001A177D /* OutboxViewModel.swift in Sources */ = {isa = PBXBuildFile; fileRef = 240B129D267D0B89001A177D /* OutboxViewModel.swift */; };
/* End PBXBuildFile section */

/* Begin PBXFileReference section */
		240B1250267CB0F8001A177D /* LadoTsivtsivadze_36.app */ = {isa = PBXFileReference; explicitFileType = wrapper.application; includeInIndex = 0; path = LadoTsivtsivadze_36.app; sourceTree = BUILT_PRODUCTS_DIR; };
		240B1253267CB0F8001A177D /* AppDelegate.swift */ = {isa = PBXFileReference; lastKnownFileType = sourcecode.swift; path = AppDelegate.swift; sourceTree = "<group>"; };
		240B1255267CB0F8001A177D /* SceneDelegate.swift */ = {isa = PBXFileReference; lastKnownFileType = sourcecode.swift; path = SceneDelegate.swift; sourceTree = "<group>"; };
		240B1257267CB0F8001A177D /* InboxController.swift */ = {isa = PBXFileReference; lastKnownFileType = sourcecode.swift; path = InboxController.swift; sourceTree = "<group>"; };
		240B125A267CB0F8001A177D /* Base */ = {isa = PBXFileReference; lastKnownFileType = file.storyboard; name = Base; path = Base.lproj/Main.storyboard; sourceTree = "<group>"; };
		240B125D267CB0F8001A177D /* LadoTsivtsivadze_36.xcdatamodel */ = {isa = PBXFileReference; lastKnownFileType = wrapper.xcdatamodel; path = LadoTsivtsivadze_36.xcdatamodel; sourceTree = "<group>"; };
		240B125F267CB0F9001A177D /* Assets.xcassets */ = {isa = PBXFileReference; lastKnownFileType = folder.assetcatalog; path = Assets.xcassets; sourceTree = "<group>"; };
		240B1262267CB0F9001A177D /* Base */ = {isa = PBXFileReference; lastKnownFileType = file.storyboard; name = Base; path = Base.lproj/LaunchScreen.storyboard; sourceTree = "<group>"; };
		240B1264267CB0F9001A177D /* Info.plist */ = {isa = PBXFileReference; lastKnownFileType = text.plist.xml; path = Info.plist; sourceTree = "<group>"; };
		240B127B267CB7E9001A177D /* UserManager.swift */ = {isa = PBXFileReference; lastKnownFileType = sourcecode.swift; path = UserManager.swift; sourceTree = "<group>"; };
		240B127D267CB7F6001A177D /* MailManager.swift */ = {isa = PBXFileReference; lastKnownFileType = sourcecode.swift; path = MailManager.swift; sourceTree = "<group>"; };
		240B1281267CBD65001A177D /* LoginController.swift */ = {isa = PBXFileReference; lastKnownFileType = sourcecode.swift; path = LoginController.swift; sourceTree = "<group>"; };
		240B1283267CBD88001A177D /* Login.storyboard */ = {isa = PBXFileReference; lastKnownFileType = file.storyboard; path = Login.storyboard; sourceTree = "<group>"; };
		240B1285267CBD99001A177D /* Register.storyboard */ = {isa = PBXFileReference; lastKnownFileType = file.storyboard; path = Register.storyboard; sourceTree = "<group>"; };
		240B1287267CBDB2001A177D /* RegisterController.swift */ = {isa = PBXFileReference; lastKnownFileType = sourcecode.swift; path = RegisterController.swift; sourceTree = "<group>"; };
		240B128C267CBE1A001A177D /* Outbox.storyboard */ = {isa = PBXFileReference; lastKnownFileType = file.storyboard; path = Outbox.storyboard; sourceTree = "<group>"; };
		240B128E267CBE32001A177D /* OutboxController.swift */ = {isa = PBXFileReference; lastKnownFileType = sourcecode.swift; path = OutboxController.swift; sourceTree = "<group>"; };
		240B1291267CBF3C001A177D /* Controllers.swift */ = {isa = PBXFileReference; lastKnownFileType = sourcecode.swift; path = Controllers.swift; sourceTree = "<group>"; };
		240B1293267CBFA0001A177D /* NavigationHelpers.swift */ = {isa = PBXFileReference; lastKnownFileType = sourcecode.swift; path = NavigationHelpers.swift; sourceTree = "<group>"; };
		240B1295267CBFC8001A177D /* IDs.swift */ = {isa = PBXFileReference; lastKnownFileType = sourcecode.swift; path = IDs.swift; sourceTree = "<group>"; };
		240B1297267CC170001A177D /* InboxViewModel.swift */ = {isa = PBXFileReference; lastKnownFileType = sourcecode.swift; path = InboxViewModel.swift; sourceTree = "<group>"; };
		240B1299267D06CE001A177D /* LoginViewModel.swift */ = {isa = PBXFileReference; lastKnownFileType = sourcecode.swift; path = LoginViewModel.swift; sourceTree = "<group>"; };
		240B129B267D0A0B001A177D /* RegisterViewModel.swift */ = {isa = PBXFileReference; lastKnownFileType = sourcecode.swift; path = RegisterViewModel.swift; sourceTree = "<group>"; };
		240B129D267D0B89001A177D /* OutboxViewModel.swift */ = {isa = PBXFileReference; lastKnownFileType = sourcecode.swift; path = OutboxViewModel.swift; sourceTree = "<group>"; };
/* End PBXFileReference section */

/* Begin PBXFrameworksBuildPhase section */
		240B124D267CB0F8001A177D /* Frameworks */ = {
			isa = PBXFrameworksBuildPhase;
			buildActionMask = 2147483647;
			files = (
			);
			runOnlyForDeploymentPostprocessing = 0;
		};
/* End PBXFrameworksBuildPhase section */

/* Begin PBXGroup section */
		240B1247267CB0F8001A177D = {
			isa = PBXGroup;
			children = (
				240B1252267CB0F8001A177D /* LadoTsivtsivadze_36 */,
				240B1251267CB0F8001A177D /* Products */,
			);
			sourceTree = "<group>";
		};
		240B1251267CB0F8001A177D /* Products */ = {
			isa = PBXGroup;
			children = (
				240B1250267CB0F8001A177D /* LadoTsivtsivadze_36.app */,
			);
			name = Products;
			sourceTree = "<group>";
		};
		240B1252267CB0F8001A177D /* LadoTsivtsivadze_36 */ = {
			isa = PBXGroup;
			children = (
				240B1279267CB295001A177D /* Infrastructure */,
				240B1278267CB27E001A177D /* Resources */,
				240B1277267CB272001A177D /* Supporting Files */,
				240B126B267CB1D6001A177D /* Presentation */,
				240B126A267CB1C7001A177D /* App */,
				240B1264267CB0F9001A177D /* Info.plist */,
			);
			path = LadoTsivtsivadze_36;
			sourceTree = "<group>";
		};
		240B126A267CB1C7001A177D /* App */ = {
			isa = PBXGroup;
			children = (
				240B1253267CB0F8001A177D /* AppDelegate.swift */,
				240B1255267CB0F8001A177D /* SceneDelegate.swift */,
			);
			path = App;
			sourceTree = "<group>";
		};
		240B126B267CB1D6001A177D /* Presentation */ = {
			isa = PBXGroup;
			children = (
				240B126C267CB1DD001A177D /* Scenes */,
			);
			path = Presentation;
			sourceTree = "<group>";
		};
		240B126C267CB1DD001A177D /* Scenes */ = {
			isa = PBXGroup;
			children = (
				240B1289267CBDED001A177D /* Outbox */,
				240B126F267CB1EF001A177D /* Register */,
				240B126E267CB1EA001A177D /* Login */,
				240B126D267CB1E3001A177D /* Inbox */,
			);
			path = Scenes;
			sourceTree = "<group>";
		};
		240B126D267CB1E3001A177D /* Inbox */ = {
			isa = PBXGroup;
			children = (
				240B1271267CB20C001A177D /* ViewModel */,
				240B1270267CB204001A177D /* View */,
			);
			path = Inbox;
			sourceTree = "<group>";
		};
		240B126E267CB1EA001A177D /* Login */ = {
			isa = PBXGroup;
			children = (
				240B1273267CB223001A177D /* ViewModel */,
				240B1272267CB21A001A177D /* View */,
			);
			path = Login;
			sourceTree = "<group>";
		};
		240B126F267CB1EF001A177D /* Register */ = {
			isa = PBXGroup;
			children = (
				240B1276267CB236001A177D /* ViewModel */,
				240B1275267CB231001A177D /* View */,
			);
			path = Register;
			sourceTree = "<group>";
		};
		240B1270267CB204001A177D /* View */ = {
			isa = PBXGroup;
			children = (
				240B1257267CB0F8001A177D /* InboxController.swift */,
				240B1259267CB0F8001A177D /* Main.storyboard */,
			);
			path = View;
			sourceTree = "<group>";
		};
		240B1271267CB20C001A177D /* ViewModel */ = {
			isa = PBXGroup;
			children = (
				240B1297267CC170001A177D /* InboxViewModel.swift */,
			);
			path = ViewModel;
			sourceTree = "<group>";
		};
		240B1272267CB21A001A177D /* View */ = {
			isa = PBXGroup;
			children = (
				240B1281267CBD65001A177D /* LoginController.swift */,
				240B1283267CBD88001A177D /* Login.storyboard */,
			);
			path = View;
			sourceTree = "<group>";
		};
		240B1273267CB223001A177D /* ViewModel */ = {
			isa = PBXGroup;
			children = (
				240B1299267D06CE001A177D /* LoginViewModel.swift */,
			);
			path = ViewModel;
			sourceTree = "<group>";
		};
		240B1275267CB231001A177D /* View */ = {
			isa = PBXGroup;
			children = (
				240B1285267CBD99001A177D /* Register.storyboard */,
				240B1287267CBDB2001A177D /* RegisterController.swift */,
			);
			path = View;
			sourceTree = "<group>";
		};
		240B1276267CB236001A177D /* ViewModel */ = {
			isa = PBXGroup;
			children = (
				240B129B267D0A0B001A177D /* RegisterViewModel.swift */,
			);
			path = ViewModel;
			sourceTree = "<group>";
		};
		240B1277267CB272001A177D /* Supporting Files */ = {
			isa = PBXGroup;
			children = (
				240B1261267CB0F9001A177D /* LaunchScreen.storyboard */,
				240B1293267CBFA0001A177D /* NavigationHelpers.swift */,
				240B1295267CBFC8001A177D /* IDs.swift */,
			);
			path = "Supporting Files";
			sourceTree = "<group>";
		};
		240B1278267CB27E001A177D /* Resources */ = {
			isa = PBXGroup;
			children = (
				240B125F267CB0F9001A177D /* Assets.xcassets */,
			);
			path = Resources;
			sourceTree = "<group>";
		};
		240B1279267CB295001A177D /* Infrastructure */ = {
			isa = PBXGroup;
			children = (
				240B1290267CBF2A001A177D /* Controllers */,
				240B125C267CB0F8001A177D /* LadoTsivtsivadze_36.xcdatamodeld */,
				240B127A267CB29E001A177D /* Managers */,
			);
			path = Infrastructure;
			sourceTree = "<group>";
		};
		240B127A267CB29E001A177D /* Managers */ = {
			isa = PBXGroup;
			children = (
				240B127B267CB7E9001A177D /* UserManager.swift */,
				240B127D267CB7F6001A177D /* MailManager.swift */,
			);
			path = Managers;
			sourceTree = "<group>";
		};
		240B1289267CBDED001A177D /* Outbox */ = {
			isa = PBXGroup;
			children = (
				240B128A267CBDFA001A177D /* View */,
				240B128B267CBE05001A177D /* ViewModel */,
			);
			path = Outbox;
			sourceTree = "<group>";
		};
		240B128A267CBDFA001A177D /* View */ = {
			isa = PBXGroup;
			children = (
				240B128C267CBE1A001A177D /* Outbox.storyboard */,
				240B128E267CBE32001A177D /* OutboxController.swift */,
			);
			path = View;
			sourceTree = "<group>";
		};
		240B128B267CBE05001A177D /* ViewModel */ = {
			isa = PBXGroup;
			children = (
				240B129D267D0B89001A177D /* OutboxViewModel.swift */,
			);
			path = ViewModel;
			sourceTree = "<group>";
		};
		240B1290267CBF2A001A177D /* Controllers */ = {
			isa = PBXGroup;
			children = (
				240B1291267CBF3C001A177D /* Controllers.swift */,
			);
			path = Controllers;
			sourceTree = "<group>";
		};
/* End PBXGroup section */

/* Begin PBXNativeTarget section */
		240B124F267CB0F8001A177D /* LadoTsivtsivadze_36 */ = {
			isa = PBXNativeTarget;
			buildConfigurationList = 240B1267267CB0F9001A177D /* Build configuration list for PBXNativeTarget "LadoTsivtsivadze_36" */;
			buildPhases = (
				240B124C267CB0F8001A177D /* Sources */,
				240B124D267CB0F8001A177D /* Frameworks */,
				240B124E267CB0F8001A177D /* Resources */,
			);
			buildRules = (
			);
			dependencies = (
			);
			name = LadoTsivtsivadze_36;
			productName = LadoTsivtsivadze_36;
			productReference = 240B1250267CB0F8001A177D /* LadoTsivtsivadze_36.app */;
			productType = "com.apple.product-type.application";
		};
/* End PBXNativeTarget section */

/* Begin PBXProject section */
		240B1248267CB0F8001A177D /* Project object */ = {
			isa = PBXProject;
			attributes = {
				LastSwiftUpdateCheck = 1250;
				LastUpgradeCheck = 1250;
				TargetAttributes = {
					240B124F267CB0F8001A177D = {
						CreatedOnToolsVersion = 12.5;
					};
				};
			};
			buildConfigurationList = 240B124B267CB0F8001A177D /* Build configuration list for PBXProject "LadoTsivtsivadze_36" */;
			compatibilityVersion = "Xcode 9.3";
			developmentRegion = en;
			hasScannedForEncodings = 0;
			knownRegions = (
				en,
				Base,
			);
			mainGroup = 240B1247267CB0F8001A177D;
			productRefGroup = 240B1251267CB0F8001A177D /* Products */;
			projectDirPath = "";
			projectRoot = "";
			targets = (
				240B124F267CB0F8001A177D /* LadoTsivtsivadze_36 */,
			);
		};
/* End PBXProject section */

/* Begin PBXResourcesBuildPhase section */
		240B124E267CB0F8001A177D /* Resources */ = {
			isa = PBXResourcesBuildPhase;
			buildActionMask = 2147483647;
			files = (
				240B1284267CBD88001A177D /* Login.storyboard in Resources */,
				240B128D267CBE1A001A177D /* Outbox.storyboard in Resources */,
				240B1263267CB0F9001A177D /* LaunchScreen.storyboard in Resources */,
				240B1260267CB0F9001A177D /* Assets.xcassets in Resources */,
				240B125B267CB0F8001A177D /* Main.storyboard in Resources */,
				240B1286267CBD99001A177D /* Register.storyboard in Resources */,
			);
			runOnlyForDeploymentPostprocessing = 0;
		};
/* End PBXResourcesBuildPhase section */

/* Begin PBXSourcesBuildPhase section */
		240B124C267CB0F8001A177D /* Sources */ = {
			isa = PBXSourcesBuildPhase;
			buildActionMask = 2147483647;
			files = (
				240B125E267CB0F8001A177D /* LadoTsivtsivadze_36.xcdatamodeld in Sources */,
				240B129C267D0A0B001A177D /* RegisterViewModel.swift in Sources */,
				240B1292267CBF3C001A177D /* Controllers.swift in Sources */,
				240B1258267CB0F8001A177D /* InboxController.swift in Sources */,
				240B1254267CB0F8001A177D /* AppDelegate.swift in Sources */,
				240B1296267CBFC8001A177D /* IDs.swift in Sources */,
				240B127C267CB7E9001A177D /* UserManager.swift in Sources */,
				240B129A267D06CE001A177D /* LoginViewModel.swift in Sources */,
				240B1298267CC170001A177D /* InboxViewModel.swift in Sources */,
				240B1288267CBDB2001A177D /* RegisterController.swift in Sources */,
				240B128F267CBE32001A177D /* OutboxController.swift in Sources */,
				240B127E267CB7F6001A177D /* MailManager.swift in Sources */,
				240B1294267CBFA0001A177D /* NavigationHelpers.swift in Sources */,
				240B129E267D0B89001A177D /* OutboxViewModel.swift in Sources */,
				240B1256267CB0F8001A177D /* SceneDelegate.swift in Sources */,
				240B1282267CBD65001A177D /* LoginController.swift in Sources */,
			);
			runOnlyForDeploymentPostprocessing = 0;
		};
/* End PBXSourcesBuildPhase section */

/* Begin PBXVariantGroup section */
		240B1259267CB0F8001A177D /* Main.storyboard */ = {
			isa = PBXVariantGroup;
			children = (
				240B125A267CB0F8001A177D /* Base */,
			);
			name = Main.storyboard;
			sourceTree = "<group>";
		};
		240B1261267CB0F9001A177D /* LaunchScreen.storyboard */ = {
			isa = PBXVariantGroup;
			children = (
				240B1262267CB0F9001A177D /* Base */,
			);
			name = LaunchScreen.storyboard;
			sourceTree = "<group>";
		};
/* End PBXVariantGroup section */

/* Begin XCBuildConfiguration section */
		240B1265267CB0F9001A177D /* Debug */ = {
			isa = XCBuildConfiguration;
			buildSettings = {
				ALWAYS_SEARCH_USER_PATHS = NO;
				CLANG_ANALYZER_NONNULL = YES;
				CLANG_ANALYZER_NUMBER_OBJECT_CONVERSION = YES_AGGRESSIVE;
				CLANG_CXX_LANGUAGE_STANDARD = "gnu++14";
				CLANG_CXX_LIBRARY = "libc++";
				CLANG_ENABLE_MODULES = YES;
				CLANG_ENABLE_OBJC_ARC = YES;
				CLANG_ENABLE_OBJC_WEAK = YES;
				CLANG_WARN_BLOCK_CAPTURE_AUTORELEASING = YES;
				CLANG_WARN_BOOL_CONVERSION = YES;
				CLANG_WARN_COMMA = YES;
				CLANG_WARN_CONSTANT_CONVERSION = YES;
				CLANG_WARN_DEPRECATED_OBJC_IMPLEMENTATIONS = YES;
				CLANG_WARN_DIRECT_OBJC_ISA_USAGE = YES_ERROR;
				CLANG_WARN_DOCUMENTATION_COMMENTS = YES;
				CLANG_WARN_EMPTY_BODY = YES;
				CLANG_WARN_ENUM_CONVERSION = YES;
				CLANG_WARN_INFINITE_RECURSION = YES;
				CLANG_WARN_INT_CONVERSION = YES;
				CLANG_WARN_NON_LITERAL_NULL_CONVERSION = YES;
				CLANG_WARN_OBJC_IMPLICIT_RETAIN_SELF = YES;
				CLANG_WARN_OBJC_LITERAL_CONVERSION = YES;
				CLANG_WARN_OBJC_ROOT_CLASS = YES_ERROR;
				CLANG_WARN_QUOTED_INCLUDE_IN_FRAMEWORK_HEADER = YES;
				CLANG_WARN_RANGE_LOOP_ANALYSIS = YES;
				CLANG_WARN_STRICT_PROTOTYPES = YES;
				CLANG_WARN_SUSPICIOUS_MOVE = YES;
				CLANG_WARN_UNGUARDED_AVAILABILITY = YES_AGGRESSIVE;
				CLANG_WARN_UNREACHABLE_CODE = YES;
				CLANG_WARN__DUPLICATE_METHOD_MATCH = YES;
				COPY_PHASE_STRIP = NO;
				DEBUG_INFORMATION_FORMAT = dwarf;
				ENABLE_STRICT_OBJC_MSGSEND = YES;
				ENABLE_TESTABILITY = YES;
				GCC_C_LANGUAGE_STANDARD = gnu11;
				GCC_DYNAMIC_NO_PIC = NO;
				GCC_NO_COMMON_BLOCKS = YES;
				GCC_OPTIMIZATION_LEVEL = 0;
				GCC_PREPROCESSOR_DEFINITIONS = (
					"DEBUG=1",
					"$(inherited)",
				);
				GCC_WARN_64_TO_32_BIT_CONVERSION = YES;
				GCC_WARN_ABOUT_RETURN_TYPE = YES_ERROR;
				GCC_WARN_UNDECLARED_SELECTOR = YES;
				GCC_WARN_UNINITIALIZED_AUTOS = YES_AGGRESSIVE;
				GCC_WARN_UNUSED_FUNCTION = YES;
				GCC_WARN_UNUSED_VARIABLE = YES;
				IPHONEOS_DEPLOYMENT_TARGET = 14.5;
				MTL_ENABLE_DEBUG_INFO = INCLUDE_SOURCE;
				MTL_FAST_MATH = YES;
				ONLY_ACTIVE_ARCH = YES;
				SDKROOT = iphoneos;
				SWIFT_ACTIVE_COMPILATION_CONDITIONS = DEBUG;
				SWIFT_OPTIMIZATION_LEVEL = "-Onone";
			};
			name = Debug;
		};
		240B1266267CB0F9001A177D /* Release */ = {
			isa = XCBuildConfiguration;
			buildSettings = {
				ALWAYS_SEARCH_USER_PATHS = NO;
				CLANG_ANALYZER_NONNULL = YES;
				CLANG_ANALYZER_NUMBER_OBJECT_CONVERSION = YES_AGGRESSIVE;
				CLANG_CXX_LANGUAGE_STANDARD = "gnu++14";
				CLANG_CXX_LIBRARY = "libc++";
				CLANG_ENABLE_MODULES = YES;
				CLANG_ENABLE_OBJC_ARC = YES;
				CLANG_ENABLE_OBJC_WEAK = YES;
				CLANG_WARN_BLOCK_CAPTURE_AUTORELEASING = YES;
				CLANG_WARN_BOOL_CONVERSION = YES;
				CLANG_WARN_COMMA = YES;
				CLANG_WARN_CONSTANT_CONVERSION = YES;
				CLANG_WARN_DEPRECATED_OBJC_IMPLEMENTATIONS = YES;
				CLANG_WARN_DIRECT_OBJC_ISA_USAGE = YES_ERROR;
				CLANG_WARN_DOCUMENTATION_COMMENTS = YES;
				CLANG_WARN_EMPTY_BODY = YES;
				CLANG_WARN_ENUM_CONVERSION = YES;
				CLANG_WARN_INFINITE_RECURSION = YES;
				CLANG_WARN_INT_CONVERSION = YES;
				CLANG_WARN_NON_LITERAL_NULL_CONVERSION = YES;
				CLANG_WARN_OBJC_IMPLICIT_RETAIN_SELF = YES;
				CLANG_WARN_OBJC_LITERAL_CONVERSION = YES;
				CLANG_WARN_OBJC_ROOT_CLASS = YES_ERROR;
				CLANG_WARN_QUOTED_INCLUDE_IN_FRAMEWORK_HEADER = YES;
				CLANG_WARN_RANGE_LOOP_ANALYSIS = YES;
				CLANG_WARN_STRICT_PROTOTYPES = YES;
				CLANG_WARN_SUSPICIOUS_MOVE = YES;
				CLANG_WARN_UNGUARDED_AVAILABILITY = YES_AGGRESSIVE;
				CLANG_WARN_UNREACHABLE_CODE = YES;
				CLANG_WARN__DUPLICATE_METHOD_MATCH = YES;
				COPY_PHASE_STRIP = NO;
				DEBUG_INFORMATION_FORMAT = "dwarf-with-dsym";
				ENABLE_NS_ASSERTIONS = NO;
				ENABLE_STRICT_OBJC_MSGSEND = YES;
				GCC_C_LANGUAGE_STANDARD = gnu11;
				GCC_NO_COMMON_BLOCKS = YES;
				GCC_WARN_64_TO_32_BIT_CONVERSION = YES;
				GCC_WARN_ABOUT_RETURN_TYPE = YES_ERROR;
				GCC_WARN_UNDECLARED_SELECTOR = YES;
				GCC_WARN_UNINITIALIZED_AUTOS = YES_AGGRESSIVE;
				GCC_WARN_UNUSED_FUNCTION = YES;
				GCC_WARN_UNUSED_VARIABLE = YES;
				IPHONEOS_DEPLOYMENT_TARGET = 14.5;
				MTL_ENABLE_DEBUG_INFO = NO;
				MTL_FAST_MATH = YES;
				SDKROOT = iphoneos;
				SWIFT_COMPILATION_MODE = wholemodule;
				SWIFT_OPTIMIZATION_LEVEL = "-O";
				VALIDATE_PRODUCT = YES;
			};
			name = Release;
		};
		240B1268267CB0F9001A177D /* Debug */ = {
			isa = XCBuildConfiguration;
			buildSettings = {
				ASSETCATALOG_COMPILER_APPICON_NAME = AppIcon;
				ASSETCATALOG_COMPILER_GLOBAL_ACCENT_COLOR_NAME = AccentColor;
				CODE_SIGN_STYLE = Automatic;
				DEVELOPMENT_TEAM = 8C7J4PSQLX;
				INFOPLIST_FILE = LadoTsivtsivadze_36/Info.plist;
				LD_RUNPATH_SEARCH_PATHS = (
					"$(inherited)",
					"@executable_path/Frameworks",
				);
				PRODUCT_BUNDLE_IDENTIFIER = "com.ladotsivtsivadze.LadoTsivtsivadze-36";
				PRODUCT_NAME = "$(TARGET_NAME)";
				SWIFT_VERSION = 5.0;
				TARGETED_DEVICE_FAMILY = "1,2";
			};
			name = Debug;
		};
		240B1269267CB0F9001A177D /* Release */ = {
			isa = XCBuildConfiguration;
			buildSettings = {
				ASSETCATALOG_COMPILER_APPICON_NAME = AppIcon;
				ASSETCATALOG_COMPILER_GLOBAL_ACCENT_COLOR_NAME = AccentColor;
				CODE_SIGN_STYLE = Automatic;
				DEVELOPMENT_TEAM = 8C7J4PSQLX;
				INFOPLIST_FILE = LadoTsivtsivadze_36/Info.plist;
				LD_RUNPATH_SEARCH_PATHS = (
					"$(inherited)",
					"@executable_path/Frameworks",
				);
				PRODUCT_BUNDLE_IDENTIFIER = "com.ladotsivtsivadze.LadoTsivtsivadze-36";
				PRODUCT_NAME = "$(TARGET_NAME)";
				SWIFT_VERSION = 5.0;
				TARGETED_DEVICE_FAMILY = "1,2";
			};
			name = Release;
		};
/* End XCBuildConfiguration section */

/* Begin XCConfigurationList section */
		240B124B267CB0F8001A177D /* Build configuration list for PBXProject "LadoTsivtsivadze_36" */ = {
			isa = XCConfigurationList;
			buildConfigurations = (
				240B1265267CB0F9001A177D /* Debug */,
				240B1266267CB0F9001A177D /* Release */,
			);
			defaultConfigurationIsVisible = 0;
			defaultConfigurationName = Release;
		};
		240B1267267CB0F9001A177D /* Build configuration list for PBXNativeTarget "LadoTsivtsivadze_36" */ = {
			isa = XCConfigurationList;
			buildConfigurations = (
				240B1268267CB0F9001A177D /* Debug */,
				240B1269267CB0F9001A177D /* Release */,
			);
			defaultConfigurationIsVisible = 0;
			defaultConfigurationName = Release;
		};
/* End XCConfigurationList section */

/* Begin XCVersionGroup section */
		240B125C267CB0F8001A177D /* LadoTsivtsivadze_36.xcdatamodeld */ = {
			isa = XCVersionGroup;
			children = (
				240B125D267CB0F8001A177D /* LadoTsivtsivadze_36.xcdatamodel */,
			);
			currentVersion = 240B125D267CB0F8001A177D /* LadoTsivtsivadze_36.xcdatamodel */;
			path = LadoTsivtsivadze_36.xcdatamodeld;
			sourceTree = "<group>";
			versionGroupType = wrapper.xcdatamodel;
		};
/* End XCVersionGroup section */
	};
	rootObject = 240B1248267CB0F8001A177D /* Project object */;
}
